
Microsoft Visual Studio Solution File, Format Version 12.00
# Visual Studio 15
VisualStudioVersion = 15.0.27004.2002
MinimumVisualStudioVersion = 10.0.40219.1
Project("{F184B08F-C81C-45F6-A57F-5ABD9991F28F}") = "Lab05-LargerSmaller", "Lab05-LargerSmaller\Lab05-LargerSmaller.vbproj", "{0E2A3C1B-1832-4100-B886-30434677EC88}"
EndProject
Global
	GlobalSection(SolutionConfigurationPlatforms) = preSolution
		Debug|Any CPU = Debug|Any CPU
		Release|Any CPU = Release|Any CPU
	EndGlobalSection
	GlobalSection(ProjectConfigurationPlatforms) = postSolution
		{0E2A3C1B-1832-4100-B886-30434677EC88}.Debug|Any CPU.ActiveCfg = Debug|Any CPU
		{0E2A3C1B-1832-4100-B886-30434677EC88}.Debug|Any CPU.Build.0 = Debug|Any CPU
		{0E2A3C1B-1832-4100-B886-30434677EC88}.Release|Any CPU.ActiveCfg = Release|Any CPU
		{0E2A3C1B-1832-4100-B886-30434677EC88}.Release|Any CPU.Build.0 = Release|Any CPU
	EndGlobalSection
	GlobalSection(SolutionProperties) = preSolution
		HideSolutionNode = FALSE
	EndGlobalSection
	GlobalSection(ExtensibilityGlobals) = postSolution
		SolutionGuid = {315ADB14-EC5D-400D-B3FC-E42EC41D63D8}
	EndGlobalSection
EndGlobal
